
Microsoft Visual Studio Solution File, Format Version 12.00
# Visual Studio Version 16
VisualStudioVersion = 16.0.30320.27
MinimumVisualStudioVersion = 10.0.40219.1
Project("{FAE04EC0-301F-11D3-BF4B-00C04F79EFBC}") = "My Shops", "My Shops\My Shops.csproj", "{B1849E7A-0F73-4A81-B0B2-B5F24DF304F5}"
EndProject
Global
	GlobalSection(SolutionConfigurationPlatforms) = preSolution
		Debug|Any CPU = Debug|Any CPU
		Release|Any CPU = Release|Any CPU
	EndGlobalSection
	GlobalSection(ProjectConfigurationPlatforms) = postSolution
		{B1849E7A-0F73-4A81-B0B2-B5F24DF304F5}.Debug|Any CPU.ActiveCfg = Debug|Any CPU
		{B1849E7A-0F73-4A81-B0B2-B5F24DF304F5}.Debug|Any CPU.Build.0 = Debug|Any CPU
		{B1849E7A-0F73-4A81-B0B2-B5F24DF304F5}.Release|Any CPU.ActiveCfg = Release|Any CPU
		{B1849E7A-0F73-4A81-B0B2-B5F24DF304F5}.Release|Any CPU.Build.0 = Release|Any CPU
	EndGlobalSection
	GlobalSection(SolutionProperties) = preSolution
		HideSolutionNode = FALSE
	EndGlobalSection
	GlobalSection(ExtensibilityGlobals) = postSolution
		SolutionGuid = {7DBF9693-0C89-4DA4-B9CE-7736DC056DA1}
	EndGlobalSection
EndGlobal
